
Microsoft Visual Studio Solution File, Format Version 12.00
# Visual Studio Version 17
VisualStudioVersion = 17.5.33502.453
MinimumVisualStudioVersion = 10.0.40219.1
Project("{8BC9CEB8-8B4A-11D0-8D11-00A0C91BC942}") = "CumulativeHistogram_test", "CumulativeHistogram_test\CumulativeHistogram_test.vcxproj", "{0232AA32-1ADA-41E3-9CF0-6B0D387ED8F2}"
EndProject
Project("{8BC9CEB8-8B4A-11D0-8D11-00A0C91BC942}") = "CumulativeHistogram_benchmark", "CumulativeHistogram_benchmark\CumulativeHistogram_benchmark.vcxproj", "{1449CC83-89D8-42BC-8C6B-4EC88C6EB33E}"
EndProject
Global
	GlobalSection(SolutionConfigurationPlatforms) = preSolution
		Debug|x64 = Debug|x64
		Debug|x86 = Debug|x86
		Release|x64 = Release|x64
		Release|x86 = Release|x86
	EndGlobalSection
	GlobalSection(ProjectConfigurationPlatforms) = postSolution
		{0232AA32-1ADA-41E3-9CF0-6B0D387ED8F2}.Debug|x64.ActiveCfg = Debug|x64
		{0232AA32-1ADA-41E3-9CF0-6B0D387ED8F2}.Debug|x64.Build.0 = Debug|x64
		{0232AA32-1ADA-41E3-9CF0-6B0D387ED8F2}.Debug|x86.ActiveCfg = Debug|Win32
		{0232AA32-1ADA-41E3-9CF0-6B0D387ED8F2}.Debug|x86.Build.0 = Debug|Win32
		{0232AA32-1ADA-41E3-9CF0-6B0D387ED8F2}.Release|x64.ActiveCfg = Release|x64
		{0232AA32-1ADA-41E3-9CF0-6B0D387ED8F2}.Release|x64.Build.0 = Release|x64
		{0232AA32-1ADA-41E3-9CF0-6B0D387ED8F2}.Release|x86.ActiveCfg = Release|Win32
		{0232AA32-1ADA-41E3-9CF0-6B0D387ED8F2}.Release|x86.Build.0 = Release|Win32
		{1449CC83-89D8-42BC-8C6B-4EC88C6EB33E}.Debug|x64.ActiveCfg = Debug|x64
		{1449CC83-89D8-42BC-8C6B-4EC88C6EB33E}.Debug|x64.Build.0 = Debug|x64
		{1449CC83-89D8-42BC-8C6B-4EC88C6EB33E}.Debug|x86.ActiveCfg = Debug|Win32
		{1449CC83-89D8-42BC-8C6B-4EC88C6EB33E}.Debug|x86.Build.0 = Debug|Win32
		{1449CC83-89D8-42BC-8C6B-4EC88C6EB33E}.Release|x64.ActiveCfg = Release|x64
		{1449CC83-89D8-42BC-8C6B-4EC88C6EB33E}.Release|x64.Build.0 = Release|x64
		{1449CC83-89D8-42BC-8C6B-4EC88C6EB33E}.Release|x86.ActiveCfg = Release|Win32
		{1449CC83-89D8-42BC-8C6B-4EC88C6EB33E}.Release|x86.Build.0 = Release|Win32
	EndGlobalSection
	GlobalSection(SolutionProperties) = preSolution
		HideSolutionNode = FALSE
	EndGlobalSection
	GlobalSection(ExtensibilityGlobals) = postSolution
		SolutionGuid = {517EC270-4F03-4E09-8EEF-ABBABC10D037}
	EndGlobalSection
EndGlobal
